
Microsoft Visual Studio Solution File, Format Version 12.00
# Visual Studio Version 16
VisualStudioVersion = 16.0.33214.272
MinimumVisualStudioVersion = 10.0.40219.1
Project("{FAE04EC0-301F-11D3-BF4B-00C04F79EFBC}") = "Mission04GSackley", "Mission04GSackley\Mission04GSackley.csproj", "{9B61B6D8-E496-4CB7-A5AB-56B7576BB566}"
EndProject
Global
	GlobalSection(SolutionConfigurationPlatforms) = preSolution
		Debug|Any CPU = Debug|Any CPU
		Release|Any CPU = Release|Any CPU
	EndGlobalSection
	GlobalSection(ProjectConfigurationPlatforms) = postSolution
		{9B61B6D8-E496-4CB7-A5AB-56B7576BB566}.Debug|Any CPU.ActiveCfg = Debug|Any CPU
		{9B61B6D8-E496-4CB7-A5AB-56B7576BB566}.Debug|Any CPU.Build.0 = Debug|Any CPU
		{9B61B6D8-E496-4CB7-A5AB-56B7576BB566}.Release|Any CPU.ActiveCfg = Release|Any CPU
		{9B61B6D8-E496-4CB7-A5AB-56B7576BB566}.Release|Any CPU.Build.0 = Release|Any CPU
	EndGlobalSection
	GlobalSection(SolutionProperties) = preSolution
		HideSolutionNode = FALSE
	EndGlobalSection
	GlobalSection(ExtensibilityGlobals) = postSolution
		SolutionGuid = {B341D324-1174-4F12-A7BE-FF200E40A26A}
	EndGlobalSection
EndGlobal
